
Microsoft Visual Studio Solution File, Format Version 12.00
# Visual Studio Version 16
VisualStudioVersion = 16.0.31729.503
MinimumVisualStudioVersion = 10.0.40219.1
Project("{FAE04EC0-301F-11D3-BF4B-00C04F79EFBC}") = "prueba2", "prueba2\prueba2.csproj", "{47A8E5F7-B204-42B2-8F9B-4015D0B52431}"
EndProject
Project("{FAE04EC0-301F-11D3-BF4B-00C04F79EFBC}") = "Datos", "Datos\Datos.csproj", "{F1447A9A-B276-415F-B891-78FAC2FCE81D}"
EndProject
Project("{FAE04EC0-301F-11D3-BF4B-00C04F79EFBC}") = "Logica", "Logica\Logica.csproj", "{6ED3B858-B31F-40DA-A7E0-56378CD11E7D}"
EndProject
Project("{FAE04EC0-301F-11D3-BF4B-00C04F79EFBC}") = "Entidad", "Entidad\Entidad.csproj", "{9E868F3E-59BA-4084-81D8-B5F6339B36DC}"
EndProject
Global
	GlobalSection(SolutionConfigurationPlatforms) = preSolution
		Debug|Any CPU = Debug|Any CPU
		Release|Any CPU = Release|Any CPU
	EndGlobalSection
	GlobalSection(ProjectConfigurationPlatforms) = postSolution
		{47A8E5F7-B204-42B2-8F9B-4015D0B52431}.Debug|Any CPU.ActiveCfg = Debug|Any CPU
		{47A8E5F7-B204-42B2-8F9B-4015D0B52431}.Debug|Any CPU.Build.0 = Debug|Any CPU
		{47A8E5F7-B204-42B2-8F9B-4015D0B52431}.Release|Any CPU.ActiveCfg = Release|Any CPU
		{47A8E5F7-B204-42B2-8F9B-4015D0B52431}.Release|Any CPU.Build.0 = Release|Any CPU
		{F1447A9A-B276-415F-B891-78FAC2FCE81D}.Debug|Any CPU.ActiveCfg = Debug|Any CPU
		{F1447A9A-B276-415F-B891-78FAC2FCE81D}.Debug|Any CPU.Build.0 = Debug|Any CPU
		{F1447A9A-B276-415F-B891-78FAC2FCE81D}.Release|Any CPU.ActiveCfg = Release|Any CPU
		{F1447A9A-B276-415F-B891-78FAC2FCE81D}.Release|Any CPU.Build.0 = Release|Any CPU
		{6ED3B858-B31F-40DA-A7E0-56378CD11E7D}.Debug|Any CPU.ActiveCfg = Debug|Any CPU
		{6ED3B858-B31F-40DA-A7E0-56378CD11E7D}.Debug|Any CPU.Build.0 = Debug|Any CPU
		{6ED3B858-B31F-40DA-A7E0-56378CD11E7D}.Release|Any CPU.ActiveCfg = Release|Any CPU
		{6ED3B858-B31F-40DA-A7E0-56378CD11E7D}.Release|Any CPU.Build.0 = Release|Any CPU
		{9E868F3E-59BA-4084-81D8-B5F6339B36DC}.Debug|Any CPU.ActiveCfg = Debug|Any CPU
		{9E868F3E-59BA-4084-81D8-B5F6339B36DC}.Debug|Any CPU.Build.0 = Debug|Any CPU
		{9E868F3E-59BA-4084-81D8-B5F6339B36DC}.Release|Any CPU.ActiveCfg = Release|Any CPU
		{9E868F3E-59BA-4084-81D8-B5F6339B36DC}.Release|Any CPU.Build.0 = Release|Any CPU
	EndGlobalSection
	GlobalSection(SolutionProperties) = preSolution
		HideSolutionNode = FALSE
	EndGlobalSection
	GlobalSection(ExtensibilityGlobals) = postSolution
		SolutionGuid = {80D171E7-057F-4D2C-9285-FEC1AFBA8E20}
	EndGlobalSection
EndGlobal
